
Microsoft Visual Studio Solution File, Format Version 12.00
# Visual Studio Version 17
VisualStudioVersion = 17.9.34714.143
MinimumVisualStudioVersion = 10.0.40219.1
Project("{FAE04EC0-301F-11D3-BF4B-00C04F79EFBC}") = "ShootAbby", "ShootAbby\ShootAbby.csproj", "{B4D0169E-BB08-4409-B451-5B5F30BE0FC4}"
EndProject
Global
	GlobalSection(SolutionConfigurationPlatforms) = preSolution
		Debug|Any CPU = Debug|Any CPU
		Release|Any CPU = Release|Any CPU
	EndGlobalSection
	GlobalSection(ProjectConfigurationPlatforms) = postSolution
		{B4D0169E-BB08-4409-B451-5B5F30BE0FC4}.Debug|Any CPU.ActiveCfg = Debug|Any CPU
		{B4D0169E-BB08-4409-B451-5B5F30BE0FC4}.Debug|Any CPU.Build.0 = Debug|Any CPU
		{B4D0169E-BB08-4409-B451-5B5F30BE0FC4}.Release|Any CPU.ActiveCfg = Release|Any CPU
		{B4D0169E-BB08-4409-B451-5B5F30BE0FC4}.Release|Any CPU.Build.0 = Release|Any CPU
	EndGlobalSection
	GlobalSection(SolutionProperties) = preSolution
		HideSolutionNode = FALSE
	EndGlobalSection
	GlobalSection(ExtensibilityGlobals) = postSolution
		SolutionGuid = {D37F817A-B9AB-44C3-9CA7-EC720106EC59}
	EndGlobalSection
EndGlobal
